
Microsoft Visual Studio Solution File, Format Version 12.00
# Visual Studio 2012
Project("{FAE04EC0-301F-11D3-BF4B-00C04F79EFBC}") = "Src", "Src\Src.csproj", "{BED38A0D-CD5C-48BC-A12A-BCB2877FF04F}"
EndProject
Project("{FAE04EC0-301F-11D3-BF4B-00C04F79EFBC}") = "Src.Business", "Src.Business\Src.Business.csproj", "{203BCDE4-DF72-4F33-BD0B-8A2C2EA48DD3}"
EndProject
Project("{FAE04EC0-301F-11D3-BF4B-00C04F79EFBC}") = "Src.Tests", "Src.Tests\Src.Tests.csproj", "{D8CE4352-DD0E-42A9-A97D-48A8D1A2249C}"
EndProject
Global
	GlobalSection(SolutionConfigurationPlatforms) = preSolution
		Debug|Any CPU = Debug|Any CPU
		Release|Any CPU = Release|Any CPU
	EndGlobalSection
	GlobalSection(ProjectConfigurationPlatforms) = postSolution
		{BED38A0D-CD5C-48BC-A12A-BCB2877FF04F}.Debug|Any CPU.ActiveCfg = Debug|Any CPU
		{BED38A0D-CD5C-48BC-A12A-BCB2877FF04F}.Debug|Any CPU.Build.0 = Debug|Any CPU
		{BED38A0D-CD5C-48BC-A12A-BCB2877FF04F}.Release|Any CPU.ActiveCfg = Release|Any CPU
		{BED38A0D-CD5C-48BC-A12A-BCB2877FF04F}.Release|Any CPU.Build.0 = Release|Any CPU
		{203BCDE4-DF72-4F33-BD0B-8A2C2EA48DD3}.Debug|Any CPU.ActiveCfg = Debug|Any CPU
		{203BCDE4-DF72-4F33-BD0B-8A2C2EA48DD3}.Debug|Any CPU.Build.0 = Debug|Any CPU
		{203BCDE4-DF72-4F33-BD0B-8A2C2EA48DD3}.Release|Any CPU.ActiveCfg = Release|Any CPU
		{203BCDE4-DF72-4F33-BD0B-8A2C2EA48DD3}.Release|Any CPU.Build.0 = Release|Any CPU
		{D8CE4352-DD0E-42A9-A97D-48A8D1A2249C}.Debug|Any CPU.ActiveCfg = Debug|Any CPU
		{D8CE4352-DD0E-42A9-A97D-48A8D1A2249C}.Debug|Any CPU.Build.0 = Debug|Any CPU
		{D8CE4352-DD0E-42A9-A97D-48A8D1A2249C}.Release|Any CPU.ActiveCfg = Release|Any CPU
		{D8CE4352-DD0E-42A9-A97D-48A8D1A2249C}.Release|Any CPU.Build.0 = Release|Any CPU
	EndGlobalSection
	GlobalSection(SolutionProperties) = preSolution
		HideSolutionNode = FALSE
	EndGlobalSection
EndGlobal
